
Microsoft Visual Studio Solution File, Format Version 12.00
# Visual Studio Version 17
VisualStudioVersion = 17.11.35327.3
MinimumVisualStudioVersion = 10.0.40219.1
Project("{FAE04EC0-301F-11D3-BF4B-00C04F79EFBC}") = "GeorgianToEnglish", "GeorgianToEnglish\GeorgianToEnglish.csproj", "{FB137EC9-0470-4185-996E-16D566E95CAC}"
EndProject
Global
	GlobalSection(SolutionConfigurationPlatforms) = preSolution
		Debug|Any CPU = Debug|Any CPU
		Release|Any CPU = Release|Any CPU
	EndGlobalSection
	GlobalSection(ProjectConfigurationPlatforms) = postSolution
		{FB137EC9-0470-4185-996E-16D566E95CAC}.Debug|Any CPU.ActiveCfg = Debug|Any CPU
		{FB137EC9-0470-4185-996E-16D566E95CAC}.Debug|Any CPU.Build.0 = Debug|Any CPU
		{FB137EC9-0470-4185-996E-16D566E95CAC}.Release|Any CPU.ActiveCfg = Release|Any CPU
		{FB137EC9-0470-4185-996E-16D566E95CAC}.Release|Any CPU.Build.0 = Release|Any CPU
	EndGlobalSection
	GlobalSection(SolutionProperties) = preSolution
		HideSolutionNode = FALSE
	EndGlobalSection
	GlobalSection(ExtensibilityGlobals) = postSolution
		SolutionGuid = {607621CF-C6F9-422F-8BB9-486F91732854}
	EndGlobalSection
EndGlobal
